
Microsoft Visual Studio Solution File, Format Version 12.00
# Visual Studio Version 17
VisualStudioVersion = 17.4.33213.308
MinimumVisualStudioVersion = 10.0.40219.1
Project("{FAE04EC0-301F-11D3-BF4B-00C04F79EFBC}") = "CylinderVolumeCalculator1", "CylinderVolumeCalculator1\CylinderVolumeCalculator1.csproj", "{DDECED7F-654B-47DD-A8F8-C32EF417EB8B}"
EndProject
Project("{FAE04EC0-301F-11D3-BF4B-00C04F79EFBC}") = "CylinderVolumeCalculator1.Tests", "CylinderVolumeCalculator1.Tests\CylinderVolumeCalculator1.Tests.csproj", "{5CD87A8B-F9EB-4CCB-99BE-D9DA28E31B69}"
EndProject
Global
	GlobalSection(SolutionConfigurationPlatforms) = preSolution
		Debug|Any CPU = Debug|Any CPU
		Release|Any CPU = Release|Any CPU
	EndGlobalSection
	GlobalSection(ProjectConfigurationPlatforms) = postSolution
		{DDECED7F-654B-47DD-A8F8-C32EF417EB8B}.Debug|Any CPU.ActiveCfg = Debug|Any CPU
		{DDECED7F-654B-47DD-A8F8-C32EF417EB8B}.Debug|Any CPU.Build.0 = Debug|Any CPU
		{DDECED7F-654B-47DD-A8F8-C32EF417EB8B}.Release|Any CPU.ActiveCfg = Release|Any CPU
		{DDECED7F-654B-47DD-A8F8-C32EF417EB8B}.Release|Any CPU.Build.0 = Release|Any CPU
		{5CD87A8B-F9EB-4CCB-99BE-D9DA28E31B69}.Debug|Any CPU.ActiveCfg = Debug|Any CPU
		{5CD87A8B-F9EB-4CCB-99BE-D9DA28E31B69}.Debug|Any CPU.Build.0 = Debug|Any CPU
		{5CD87A8B-F9EB-4CCB-99BE-D9DA28E31B69}.Release|Any CPU.ActiveCfg = Release|Any CPU
		{5CD87A8B-F9EB-4CCB-99BE-D9DA28E31B69}.Release|Any CPU.Build.0 = Release|Any CPU
	EndGlobalSection
	GlobalSection(SolutionProperties) = preSolution
		HideSolutionNode = FALSE
	EndGlobalSection
	GlobalSection(ExtensibilityGlobals) = postSolution
		SolutionGuid = {29F7DAC5-0D05-491B-A3A7-5500E6F19A18}
	EndGlobalSection
EndGlobal
